github.com/boltdb/bolt v1.3.1 h1:JQmyP4ZBrce+ZQu0dY660FMfatumYDLun9hBCUVIkF4=
github.com/boltdb/bolt v1.3.1/go.mod h1:clJnj/oiGkjum5o1McbSZDSLxVThjynRyGBgiAx27Ps=
github.com/coreos/bbolt v1.3.0 h1:HIgH5xUWXT914HCI671AxuTTqjj64UOFr7pHn48LUTI=
github.com/coreos/bbolt v1.3.0/go.mod h1:iRUV2dpdMOn7Bo10OQBFzIJO9kkE559Wcmn+qkEiiKk=
github.com/gorilla/context v1.1.1 h1:AWwleXJkX/nhcU9bZSnZoi3h/qGYqQAGhq6zZe/aQW8=
github.com/gorilla/context v1.1.1/go.mod h1:kBGZzfjB9CEq2AlWe17Uuf7NDRt0dE0s8S51q0aT7Yg=
github.com/gorilla/mux v1.6.2 h1:Pgr17XVTNXAk3q/r4CpKzC5xBM/qW1uVLV+IhRZpIIk=
github.com/gorilla/mux v1.6.2/go.mod h1:1lud6UwP+6orDFRuTfBEV8e9/aOM/c4fVVCaMa2zaAs=
github.com/ppetko/gopxe v0.0.0-20181018130213-1bf4c9dccdcd h1:JX0hlBGeVG2YAZA1lQWEqWNAH+f9+8V4SihtWUpyFtQ=
github.com/ppetko/gopxe v0.0.0-20181018130213-1bf4c9dccdcd/go.mod h1:sS+ei23LrqB9aimvukYKh0cwLpFV+zbynaafKeNPJxo=
github.com/wtownse/gopxe v0.0.0-20230828135223-dc971b8d893e h1:T7zv2ENCNi8fWO6gq3rDiF6V4R0iG7n9g9U6tMRD7NE=
github.com/wtownse/gopxe v0.0.0-20230828135223-dc971b8d893e/go.mod h1:b0Kmr40JUkLJryqEavDqkVysczWHwrglslieHV5DIak=
golang.org/x/sys v0.0.0-20181011152604-fa43e7bc11ba h1:nZJIJPGow0Kf9bU9QTc1U6OXbs/7Hu4e+cNv+hxH+Zc=
golang.org/x/sys v0.0.0-20181011152604-fa43e7bc11ba/go.mod h1:STP8DvDyc/dI5b8T5hshtkjS+E42TnysNCUPdjciGhY=
gopkg.in/check.v1 v0.0.0-20161208181325-20d25e280405 h1:yhCVgyC4o1eVCa2tZl7eS0r+SDo693bJlVdllGtEeKM=
gopkg.in/check.v1 v0.0.0-20161208181325-20d25e280405/go.mod h1:Co6ibVJAznAaIkqp8huTwlJQCZ016jof/cbN4VW5Yz0=
gopkg.in/yaml.v3 v3.0.1 h1:fxVm/GzAzEWqLHuvctI91KS9hhNmmWOoWu0XTYJS7CA=
gopkg.in/yaml.v3 v3.0.1/go.mod h1:K4uyk7z7BCEPqu6E+C64Yfv1cQ7kz7rIZviUmN+EgEM=
pack.ag/tftp v1.0.0 h1:q7iP8mKRtqTAWfxbQ4XY5/flZ5JmuThvrEmHPn8cN9A=
pack.ag/tftp v1.0.0/go.mod h1:N1Pyo5YG+K90XHoR2vfLPhpRuE8ziqbgMn/r/SghZas=
